# THIS IS AN AUTOGENERATED FILE. DO NOT EDIT THIS FILE DIRECTLY.
# yarn lockfile v1


react-skillbars@^2.0.1:
  version "2.0.1"
  resolved "https://registry.yarnpkg.com/react-skillbars/-/react-skillbars-2.0.1.tgz#ab38de6569b2bc0ec02520e5540c3ac11d96ddf8"
  integrity sha512-uegvMc4//qZtQUDvgh3lUsNE+QAJV3nctElCMWVaswiBHjbxNEO3KqpSTji7KcdJDZrPcNE6iZCI/lxfJvFZIA==
